# THIS IS AN AUTOGENERATED FILE. DO NOT EDIT THIS FILE DIRECTLY.
# yarn lockfile v1


cross-fetch@^3.1.4:
  version "3.1.4"
  resolved "https://registry.yarnpkg.com/cross-fetch/-/cross-fetch-3.1.4.tgz#9723f3a3a247bf8b89039f3a380a9244e8fa2f39"
  integrity sha512-1eAtFWdIubi6T4XPy6ei9iUFoKpUkIF971QLN8lIvvvwueI65+Nw5haMNKUwfJxabqlIIDODJKGrQ66gxC0PbQ==
  dependencies:
    node-fetch "2.6.1"

meilisearch@^0.19.0:
  version "0.19.0"
  resolved "https://registry.yarnpkg.com/meilisearch/-/meilisearch-0.19.0.tgz#b94b97b30a4e62270e53860c3a6b2e25765b00f3"
  integrity sha512-o1rKT65q09i0W/vigpGEXVTX44A8IBscNQhZ+JkAlEgpk2+mYZMQxHXcoBtWjZI/CYKoswVnUxBVB4HEJ8tJQw==
  dependencies:
    cross-fetch "^3.1.4"

node-fetch@2.6.1:
  version "2.6.1"
  resolved "https://registry.yarnpkg.com/node-fetch/-/node-fetch-2.6.1.tgz#045bd323631f76ed2e2b55573394416b639a0052"
  integrity sha512-V4aYg89jEoVRxRb2fJdAg8FHvI7cEyYdVAh94HH0UIK8oJxUfkjlDQN9RbMx+bEjP7+ggMiFRprSti032Oipxw==
